// !$*UTF8*$!
{
	archiveVersion = 1;
	classes = {
	};
	objectVersion = 77;
	objects = {

/* Begin PBXBuildFile section */
		629016DF2D4B329200E8999C /* FlowStacks in Frameworks */ = {isa = PBXBuildFile; productRef = 629016DE2D4B329200E8999C /* FlowStacks */; };
/* End PBXBuildFile section */

/* Begin PBXContainerItemProxy section */
		622150432D4703E700F89553 /* PBXContainerItemProxy */ = {
			isa = PBXContainerItemProxy;
			containerPortal = 6221502A2D4703E000F89553 /* Project object */;
			proxyType = 1;
			remoteGlobalIDString = 622150312D4703E100F89553;
			remoteInfo = BodyPositiveZumba;
		};
		6221504D2D4703E700F89553 /* PBXContainerItemProxy */ = {
			isa = PBXContainerItemProxy;
			containerPortal = 6221502A2D4703E000F89553 /* Project object */;
			proxyType = 1;
			remoteGlobalIDString = 622150312D4703E100F89553;
			remoteInfo = BodyPositiveZumba;
		};
/* End PBXContainerItemProxy section */

/* Begin PBXFileReference section */
		622150322D4703E100F89553 /* BPDF.app */ = {isa = PBXFileReference; explicitFileType = wrapper.application; includeInIndex = 0; path = BPDF.app; sourceTree = BUILT_PRODUCTS_DIR; };
		622150422D4703E700F89553 /* BPDFTests.xctest */ = {isa = PBXFileReference; explicitFileType = wrapper.cfbundle; includeInIndex = 0; path = BPDFTests.xctest; sourceTree = BUILT_PRODUCTS_DIR; };
		6221504C2D4703E700F89553 /* BPDFUITests.xctest */ = {isa = PBXFileReference; explicitFileType = wrapper.cfbundle; includeInIndex = 0; path = BPDFUITests.xctest; sourceTree = BUILT_PRODUCTS_DIR; };
		626974192D62B3080015419F /* BPDF-Info.plist */ = {isa = PBXFileReference; lastKnownFileType = text.plist; path = "BPDF-Info.plist"; sourceTree = "<group>"; };
/* End PBXFileReference section */

/* Begin PBXFileSystemSynchronizedRootGroup section */
		622150342D4703E100F89553 /* BodyPositiveZumba */ = {
			isa = PBXFileSystemSynchronizedRootGroup;
			path = BodyPositiveZumba;
			sourceTree = "<group>";
		};
		622150452D4703E700F89553 /* BodyPositiveZumbaTests */ = {
			isa = PBXFileSystemSynchronizedRootGroup;
			path = BodyPositiveZumbaTests;
			sourceTree = "<group>";
		};
		6221504F2D4703E700F89553 /* BodyPositiveZumbaUITests */ = {
			isa = PBXFileSystemSynchronizedRootGroup;
			path = BodyPositiveZumbaUITests;
			sourceTree = "<group>";
		};
/* End PBXFileSystemSynchronizedRootGroup section */

/* Begin PBXFrameworksBuildPhase section */
		6221502F2D4703E100F89553 /* Frameworks */ = {
			isa = PBXFrameworksBuildPhase;
			buildActionMask = 2147483647;
			files = (
				629016DF2D4B329200E8999C /* FlowStacks in Frameworks */,
			);
			runOnlyForDeploymentPostprocessing = 0;
		};
		6221503F2D4703E700F89553 /* Frameworks */ = {
			isa = PBXFrameworksBuildPhase;
			buildActionMask = 2147483647;
			files = (
			);
			runOnlyForDeploymentPostprocessing = 0;
		};
		622150492D4703E700F89553 /* Frameworks */ = {
			isa = PBXFrameworksBuildPhase;
			buildActionMask = 2147483647;
			files = (
			);
			runOnlyForDeploymentPostprocessing = 0;
		};
/* End PBXFrameworksBuildPhase section */

/* Begin PBXGroup section */
		622150292D4703E000F89553 = {
			isa = PBXGroup;
			children = (
				626974192D62B3080015419F /* BPDF-Info.plist */,
				622150342D4703E100F89553 /* BodyPositiveZumba */,
				622150452D4703E700F89553 /* BodyPositiveZumbaTests */,
				6221504F2D4703E700F89553 /* BodyPositiveZumbaUITests */,
				622150332D4703E100F89553 /* Products */,
			);
			sourceTree = "<group>";
		};
		622150332D4703E100F89553 /* Products */ = {
			isa = PBXGroup;
			children = (
				622150322D4703E100F89553 /* BPDF.app */,
				622150422D4703E700F89553 /* BPDFTests.xctest */,
				6221504C2D4703E700F89553 /* BPDFUITests.xctest */,
			);
			name = Products;
			sourceTree = "<group>";
		};
/* End PBXGroup section */

/* Begin PBXNativeTarget section */
		622150312D4703E100F89553 /* BPDF */ = {
			isa = PBXNativeTarget;
			buildConfigurationList = 622150562D4703E700F89553 /* Build configuration list for PBXNativeTarget "BPDF" */;
			buildPhases = (
				6221502E2D4703E100F89553 /* Sources */,
				6221502F2D4703E100F89553 /* Frameworks */,
				622150302D4703E100F89553 /* Resources */,
			);
			buildRules = (
			);
			dependencies = (
			);
			fileSystemSynchronizedGroups = (
				622150342D4703E100F89553 /* BodyPositiveZumba */,
			);
			name = BPDF;
			packageProductDependencies = (
				629016DE2D4B329200E8999C /* FlowStacks */,
			);
			productName = BodyPositiveZumba;
			productReference = 622150322D4703E100F89553 /* BPDF.app */;
			productType = "com.apple.product-type.application";
		};
		622150412D4703E700F89553 /* BPDFTests */ = {
			isa = PBXNativeTarget;
			buildConfigurationList = 622150592D4703E700F89553 /* Build configuration list for PBXNativeTarget "BPDFTests" */;
			buildPhases = (
				6221503E2D4703E700F89553 /* Sources */,
				6221503F2D4703E700F89553 /* Frameworks */,
				622150402D4703E700F89553 /* Resources */,
			);
			buildRules = (
			);
			dependencies = (
				622150442D4703E700F89553 /* PBXTargetDependency */,
			);
			fileSystemSynchronizedGroups = (
				622150452D4703E700F89553 /* BodyPositiveZumbaTests */,
			);
			name = BPDFTests;
			packageProductDependencies = (
			);
			productName = BodyPositiveZumbaTests;
			productReference = 622150422D4703E700F89553 /* BPDFTests.xctest */;
			productType = "com.apple.product-type.bundle.unit-test";
		};
		6221504B2D4703E700F89553 /* BPDFUITests */ = {
			isa = PBXNativeTarget;
			buildConfigurationList = 6221505C2D4703E700F89553 /* Build configuration list for PBXNativeTarget "BPDFUITests" */;
			buildPhases = (
				622150482D4703E700F89553 /* Sources */,
				622150492D4703E700F89553 /* Frameworks */,
				6221504A2D4703E700F89553 /* Resources */,
			);
			buildRules = (
			);
			dependencies = (
				6221504E2D4703E700F89553 /* PBXTargetDependency */,
			);
			fileSystemSynchronizedGroups = (
				6221504F2D4703E700F89553 /* BodyPositiveZumbaUITests */,
			);
			name = BPDFUITests;
			packageProductDependencies = (
			);
			productName = BodyPositiveZumbaUITests;
			productReference = 6221504C2D4703E700F89553 /* BPDFUITests.xctest */;
			productType = "com.apple.product-type.bundle.ui-testing";
		};
/* End PBXNativeTarget section */

/* Begin PBXProject section */
		6221502A2D4703E000F89553 /* Project object */ = {
			isa = PBXProject;
			attributes = {
				BuildIndependentTargetsInParallel = 1;
				LastSwiftUpdateCheck = 1620;
				LastUpgradeCheck = 1620;
				TargetAttributes = {
					622150312D4703E100F89553 = {
						CreatedOnToolsVersion = 16.2;
					};
					622150412D4703E700F89553 = {
						CreatedOnToolsVersion = 16.2;
						TestTargetID = 622150312D4703E100F89553;
					};
					6221504B2D4703E700F89553 = {
						CreatedOnToolsVersion = 16.2;
						TestTargetID = 622150312D4703E100F89553;
					};
				};
			};
			buildConfigurationList = 6221502D2D4703E000F89553 /* Build configuration list for PBXProject "BodyPositiveZumba" */;
			developmentRegion = en;
			hasScannedForEncodings = 0;
			knownRegions = (
				en,
				Base,
			);
			mainGroup = 622150292D4703E000F89553;
			minimizedProjectReferenceProxies = 1;
			packageReferences = (
				62DBD2EA2D4B2CE700D6BBC3 /* XCRemoteSwiftPackageReference "FlowStacks" */,
			);
			preferredProjectObjectVersion = 77;
			productRefGroup = 622150332D4703E100F89553 /* Products */;
			projectDirPath = "";
			projectRoot = "";
			targets = (
				622150312D4703E100F89553 /* BPDF */,
				622150412D4703E700F89553 /* BPDFTests */,
				6221504B2D4703E700F89553 /* BPDFUITests */,
			);
		};
/* End PBXProject section */

/* Begin PBXResourcesBuildPhase section */
		622150302D4703E100F89553 /* Resources */ = {
			isa = PBXResourcesBuildPhase;
			buildActionMask = 2147483647;
			files = (
			);
			runOnlyForDeploymentPostprocessing = 0;
		};
		622150402D4703E700F89553 /* Resources */ = {
			isa = PBXResourcesBuildPhase;
			buildActionMask = 2147483647;
			files = (
			);
			runOnlyForDeploymentPostprocessing = 0;
		};
		6221504A2D4703E700F89553 /* Resources */ = {
			isa = PBXResourcesBuildPhase;
			buildActionMask = 2147483647;
			files = (
			);
			runOnlyForDeploymentPostprocessing = 0;
		};
/* End PBXResourcesBuildPhase section */

/* Begin PBXSourcesBuildPhase section */
		6221502E2D4703E100F89553 /* Sources */ = {
			isa = PBXSourcesBuildPhase;
			buildActionMask = 2147483647;
			files = (
			);
			runOnlyForDeploymentPostprocessing = 0;
		};
		6221503E2D4703E700F89553 /* Sources */ = {
			isa = PBXSourcesBuildPhase;
			buildActionMask = 2147483647;
			files = (
			);
			runOnlyForDeploymentPostprocessing = 0;
		};
		622150482D4703E700F89553 /* Sources */ = {
			isa = PBXSourcesBuildPhase;
			buildActionMask = 2147483647;
			files = (
			);
			runOnlyForDeploymentPostprocessing = 0;
		};
/* End PBXSourcesBuildPhase section */

/* Begin PBXTargetDependency section */
		622150442D4703E700F89553 /* PBXTargetDependency */ = {
			isa = PBXTargetDependency;
			target = 622150312D4703E100F89553 /* BPDF */;
			targetProxy = 622150432D4703E700F89553 /* PBXContainerItemProxy */;
		};
		6221504E2D4703E700F89553 /* PBXTargetDependency */ = {
			isa = PBXTargetDependency;
			target = 622150312D4703E100F89553 /* BPDF */;
			targetProxy = 6221504D2D4703E700F89553 /* PBXContainerItemProxy */;
		};
/* End PBXTargetDependency section */

/* Begin XCBuildConfiguration section */
		622150542D4703E700F89553 /* Debug */ = {
			isa = XCBuildConfiguration;
			buildSettings = {
				ALWAYS_SEARCH_USER_PATHS = NO;
				ASSETCATALOG_COMPILER_GENERATE_SWIFT_ASSET_SYMBOL_EXTENSIONS = YES;
				CLANG_ANALYZER_NONNULL = YES;
				CLANG_ANALYZER_NUMBER_OBJECT_CONVERSION = YES_AGGRESSIVE;
				CLANG_CXX_LANGUAGE_STANDARD = "gnu++20";
				CLANG_ENABLE_MODULES = YES;
				CLANG_ENABLE_OBJC_ARC = YES;
				CLANG_ENABLE_OBJC_WEAK = YES;
				CLANG_WARN_BLOCK_CAPTURE_AUTORELEASING = YES;
				CLANG_WARN_BOOL_CONVERSION = YES;
				CLANG_WARN_COMMA = YES;
				CLANG_WARN_CONSTANT_CONVERSION = YES;
				CLANG_WARN_DEPRECATED_OBJC_IMPLEMENTATIONS = YES;
				CLANG_WARN_DIRECT_OBJC_ISA_USAGE = YES_ERROR;
				CLANG_WARN_DOCUMENTATION_COMMENTS = YES;
				CLANG_WARN_EMPTY_BODY = YES;
				CLANG_WARN_ENUM_CONVERSION = YES;
				CLANG_WARN_INFINITE_RECURSION = YES;
				CLANG_WARN_INT_CONVERSION = YES;
				CLANG_WARN_NON_LITERAL_NULL_CONVERSION = YES;
				CLANG_WARN_OBJC_IMPLICIT_RETAIN_SELF = YES;
				CLANG_WARN_OBJC_LITERAL_CONVERSION = YES;
				CLANG_WARN_OBJC_ROOT_CLASS = YES_ERROR;
				CLANG_WARN_QUOTED_INCLUDE_IN_FRAMEWORK_HEADER = YES;
				CLANG_WARN_RANGE_LOOP_ANALYSIS = YES;
				CLANG_WARN_STRICT_PROTOTYPES = YES;
				CLANG_WARN_SUSPICIOUS_MOVE = YES;
				CLANG_WARN_UNGUARDED_AVAILABILITY = YES_AGGRESSIVE;
				CLANG_WARN_UNREACHABLE_CODE = YES;
				CLANG_WARN__DUPLICATE_METHOD_MATCH = YES;
				COPY_PHASE_STRIP = NO;
				DEBUG_INFORMATION_FORMAT = dwarf;
				ENABLE_STRICT_OBJC_MSGSEND = YES;
				ENABLE_TESTABILITY = YES;
				ENABLE_USER_SCRIPT_SANDBOXING = YES;
				GCC_C_LANGUAGE_STANDARD = gnu17;
				GCC_DYNAMIC_NO_PIC = NO;
				GCC_NO_COMMON_BLOCKS = YES;
				GCC_OPTIMIZATION_LEVEL = 0;
				GCC_PREPROCESSOR_DEFINITIONS = (
					"DEBUG=1",
					"$(inherited)",
				);
				GCC_WARN_64_TO_32_BIT_CONVERSION = YES;
				GCC_WARN_ABOUT_RETURN_TYPE = YES_ERROR;
				GCC_WARN_UNDECLARED_SELECTOR = YES;
				GCC_WARN_UNINITIALIZED_AUTOS = YES_AGGRESSIVE;
				GCC_WARN_UNUSED_FUNCTION = YES;
				GCC_WARN_UNUSED_VARIABLE = YES;
				IPHONEOS_DEPLOYMENT_TARGET = 18.2;
				LOCALIZATION_PREFERS_STRING_CATALOGS = YES;
				MTL_ENABLE_DEBUG_INFO = INCLUDE_SOURCE;
				MTL_FAST_MATH = YES;
				ONLY_ACTIVE_ARCH = YES;
				SDKROOT = iphoneos;
				SWIFT_ACTIVE_COMPILATION_CONDITIONS = "DEBUG $(inherited)";
				SWIFT_OPTIMIZATION_LEVEL = "-Onone";
			};
			name = Debug;
		};
		622150552D4703E700F89553 /* Release */ = {
			isa = XCBuildConfiguration;
			buildSettings = {
				ALWAYS_SEARCH_USER_PATHS = NO;
				ASSETCATALOG_COMPILER_GENERATE_SWIFT_ASSET_SYMBOL_EXTENSIONS = YES;
				CLANG_ANALYZER_NONNULL = YES;
				CLANG_ANALYZER_NUMBER_OBJECT_CONVERSION = YES_AGGRESSIVE;
				CLANG_CXX_LANGUAGE_STANDARD = "gnu++20";
				CLANG_ENABLE_MODULES = YES;
				CLANG_ENABLE_OBJC_ARC = YES;
				CLANG_ENABLE_OBJC_WEAK = YES;
				CLANG_WARN_BLOCK_CAPTURE_AUTORELEASING = YES;
				CLANG_WARN_BOOL_CONVERSION = YES;
				CLANG_WARN_COMMA = YES;
				CLANG_WARN_CONSTANT_CONVERSION = YES;
				CLANG_WARN_DEPRECATED_OBJC_IMPLEMENTATIONS = YES;
				CLANG_WARN_DIRECT_OBJC_ISA_USAGE = YES_ERROR;
				CLANG_WARN_DOCUMENTATION_COMMENTS = YES;
				CLANG_WARN_EMPTY_BODY = YES;
				CLANG_WARN_ENUM_CONVERSION = YES;
				CLANG_WARN_INFINITE_RECURSION = YES;
				CLANG_WARN_INT_CONVERSION = YES;
				CLANG_WARN_NON_LITERAL_NULL_CONVERSION = YES;
				CLANG_WARN_OBJC_IMPLICIT_RETAIN_SELF = YES;
				CLANG_WARN_OBJC_LITERAL_CONVERSION = YES;
				CLANG_WARN_OBJC_ROOT_CLASS = YES_ERROR;
				CLANG_WARN_QUOTED_INCLUDE_IN_FRAMEWORK_HEADER = YES;
				CLANG_WARN_RANGE_LOOP_ANALYSIS = YES;
				CLANG_WARN_STRICT_PROTOTYPES = YES;
				CLANG_WARN_SUSPICIOUS_MOVE = YES;
				CLANG_WARN_UNGUARDED_AVAILABILITY = YES_AGGRESSIVE;
				CLANG_WARN_UNREACHABLE_CODE = YES;
				CLANG_WARN__DUPLICATE_METHOD_MATCH = YES;
				COPY_PHASE_STRIP = NO;
				DEBUG_INFORMATION_FORMAT = "dwarf-with-dsym";
				ENABLE_NS_ASSERTIONS = NO;
				ENABLE_STRICT_OBJC_MSGSEND = YES;
				ENABLE_USER_SCRIPT_SANDBOXING = YES;
				GCC_C_LANGUAGE_STANDARD = gnu17;
				GCC_NO_COMMON_BLOCKS = YES;
				GCC_WARN_64_TO_32_BIT_CONVERSION = YES;
				GCC_WARN_ABOUT_RETURN_TYPE = YES_ERROR;
				GCC_WARN_UNDECLARED_SELECTOR = YES;
				GCC_WARN_UNINITIALIZED_AUTOS = YES_AGGRESSIVE;
				GCC_WARN_UNUSED_FUNCTION = YES;
				GCC_WARN_UNUSED_VARIABLE = YES;
				IPHONEOS_DEPLOYMENT_TARGET = 18.2;
				LOCALIZATION_PREFERS_STRING_CATALOGS = YES;
				MTL_ENABLE_DEBUG_INFO = NO;
				MTL_FAST_MATH = YES;
				SDKROOT = iphoneos;
				SWIFT_COMPILATION_MODE = wholemodule;
				VALIDATE_PRODUCT = YES;
			};
			name = Release;
		};
		622150572D4703E700F89553 /* Debug */ = {
			isa = XCBuildConfiguration;
			buildSettings = {
				ASSETCATALOG_COMPILER_APPICON_NAME = AppIcon;
				ASSETCATALOG_COMPILER_GLOBAL_ACCENT_COLOR_NAME = AccentColor;
				CODE_SIGN_STYLE = Automatic;
				CURRENT_PROJECT_VERSION = 1;
				DEVELOPMENT_ASSET_PATHS = "\"BodyPositiveZumba/Preview Content\"";
				DEVELOPMENT_TEAM = MLRJDTF46U;
				ENABLE_PREVIEWS = YES;
				GENERATE_INFOPLIST_FILE = YES;
				INFOPLIST_FILE = "BPDF-Info.plist";
				INFOPLIST_KEY_CFBundleDisplayName = BPDF;
				INFOPLIST_KEY_LSApplicationCategoryType = "public.app-category.healthcare-fitness";
				INFOPLIST_KEY_UIApplicationSceneManifest_Generation = YES;
				INFOPLIST_KEY_UIApplicationSupportsIndirectInputEvents = YES;
				INFOPLIST_KEY_UILaunchScreen_Generation = YES;
				INFOPLIST_KEY_UISupportedInterfaceOrientations = UIInterfaceOrientationPortrait;
				INFOPLIST_KEY_UISupportedInterfaceOrientations_iPad = "UIInterfaceOrientationLandscapeLeft UIInterfaceOrientationLandscapeRight UIInterfaceOrientationPortrait UIInterfaceOrientationPortraitUpsideDown";
				IPHONEOS_DEPLOYMENT_TARGET = 17.0;
				LD_RUNPATH_SEARCH_PATHS = (
					"$(inherited)",
					"@executable_path/Frameworks",
				);
				MARKETING_VERSION = 1.0.1;
				PRODUCT_BUNDLE_IDENTIFIER = com.Elbert.BodyPositiveDanceFitness;
				PRODUCT_NAME = "$(TARGET_NAME)";
				SWIFT_EMIT_LOC_STRINGS = YES;
				SWIFT_VERSION = 5.0;
				TARGETED_DEVICE_FAMILY = "1,2";
			};
			name = Debug;
		};
		622150582D4703E700F89553 /* Release */ = {
			isa = XCBuildConfiguration;
			buildSettings = {
				ASSETCATALOG_COMPILER_APPICON_NAME = AppIcon;
				ASSETCATALOG_COMPILER_GLOBAL_ACCENT_COLOR_NAME = AccentColor;
				CODE_SIGN_STYLE = Automatic;
				CURRENT_PROJECT_VERSION = 1;
				DEVELOPMENT_ASSET_PATHS = "\"BodyPositiveZumba/Preview Content\"";
				DEVELOPMENT_TEAM = MLRJDTF46U;
				ENABLE_PREVIEWS = YES;
				GENERATE_INFOPLIST_FILE = YES;
				INFOPLIST_FILE = "BPDF-Info.plist";
				INFOPLIST_KEY_CFBundleDisplayName = BPDF;
				INFOPLIST_KEY_LSApplicationCategoryType = "public.app-category.healthcare-fitness";
				INFOPLIST_KEY_UIApplicationSceneManifest_Generation = YES;
				INFOPLIST_KEY_UIApplicationSupportsIndirectInputEvents = YES;
				INFOPLIST_KEY_UILaunchScreen_Generation = YES;
				INFOPLIST_KEY_UISupportedInterfaceOrientations = UIInterfaceOrientationPortrait;
				INFOPLIST_KEY_UISupportedInterfaceOrientations_iPad = "UIInterfaceOrientationLandscapeLeft UIInterfaceOrientationLandscapeRight UIInterfaceOrientationPortrait UIInterfaceOrientationPortraitUpsideDown";
				IPHONEOS_DEPLOYMENT_TARGET = 17.0;
				LD_RUNPATH_SEARCH_PATHS = (
					"$(inherited)",
					"@executable_path/Frameworks",
				);
				MARKETING_VERSION = 1.0.1;
				PRODUCT_BUNDLE_IDENTIFIER = com.Elbert.BodyPositiveDanceFitness;
				PRODUCT_NAME = "$(TARGET_NAME)";
				SWIFT_EMIT_LOC_STRINGS = YES;
				SWIFT_VERSION = 5.0;
				TARGETED_DEVICE_FAMILY = "1,2";
			};
			name = Release;
		};
		6221505A2D4703E700F89553 /* Debug */ = {
			isa = XCBuildConfiguration;
			buildSettings = {
				BUNDLE_LOADER = "$(TEST_HOST)";
				CODE_SIGN_STYLE = Automatic;
				CURRENT_PROJECT_VERSION = 1;
				GENERATE_INFOPLIST_FILE = YES;
				IPHONEOS_DEPLOYMENT_TARGET = 18.2;
				MARKETING_VERSION = 1.0;
				PRODUCT_BUNDLE_IDENTIFIER = com.Burnham.BodyPositiveZumbaTests;
				PRODUCT_NAME = "$(TARGET_NAME)";
				SWIFT_EMIT_LOC_STRINGS = NO;
				SWIFT_VERSION = 5.0;
				TARGETED_DEVICE_FAMILY = "1,2";
				TEST_HOST = "$(BUILT_PRODUCTS_DIR)/BodyPositiveZumba.app/$(BUNDLE_EXECUTABLE_FOLDER_PATH)/BodyPositiveZumba";
			};
			name = Debug;
		};
		6221505B2D4703E700F89553 /* Release */ = {
			isa = XCBuildConfiguration;
			buildSettings = {
				BUNDLE_LOADER = "$(TEST_HOST)";
				CODE_SIGN_STYLE = Automatic;
				CURRENT_PROJECT_VERSION = 1;
				GENERATE_INFOPLIST_FILE = YES;
				IPHONEOS_DEPLOYMENT_TARGET = 18.2;
				MARKETING_VERSION = 1.0;
				PRODUCT_BUNDLE_IDENTIFIER = com.Burnham.BodyPositiveZumbaTests;
				PRODUCT_NAME = "$(TARGET_NAME)";
				SWIFT_EMIT_LOC_STRINGS = NO;
				SWIFT_VERSION = 5.0;
				TARGETED_DEVICE_FAMILY = "1,2";
				TEST_HOST = "$(BUILT_PRODUCTS_DIR)/BodyPositiveZumba.app/$(BUNDLE_EXECUTABLE_FOLDER_PATH)/BodyPositiveZumba";
			};
			name = Release;
		};
		6221505D2D4703E700F89553 /* Debug */ = {
			isa = XCBuildConfiguration;
			buildSettings = {
				CODE_SIGN_STYLE = Automatic;
				CURRENT_PROJECT_VERSION = 1;
				GENERATE_INFOPLIST_FILE = YES;
				MARKETING_VERSION = 1.0;
				PRODUCT_BUNDLE_IDENTIFIER = com.Burnham.BodyPositiveZumbaUITests;
				PRODUCT_NAME = "$(TARGET_NAME)";
				SWIFT_EMIT_LOC_STRINGS = NO;
				SWIFT_VERSION = 5.0;
				TARGETED_DEVICE_FAMILY = "1,2";
				TEST_TARGET_NAME = BodyPositiveZumba;
			};
			name = Debug;
		};
		6221505E2D4703E700F89553 /* Release */ = {
			isa = XCBuildConfiguration;
			buildSettings = {
				CODE_SIGN_STYLE = Automatic;
				CURRENT_PROJECT_VERSION = 1;
				GENERATE_INFOPLIST_FILE = YES;
				MARKETING_VERSION = 1.0;
				PRODUCT_BUNDLE_IDENTIFIER = com.Burnham.BodyPositiveZumbaUITests;
				PRODUCT_NAME = "$(TARGET_NAME)";
				SWIFT_EMIT_LOC_STRINGS = NO;
				SWIFT_VERSION = 5.0;
				TARGETED_DEVICE_FAMILY = "1,2";
				TEST_TARGET_NAME = BodyPositiveZumba;
			};
			name = Release;
		};
/* End XCBuildConfiguration section */

/* Begin XCConfigurationList section */
		6221502D2D4703E000F89553 /* Build configuration list for PBXProject "BodyPositiveZumba" */ = {
			isa = XCConfigurationList;
			buildConfigurations = (
				622150542D4703E700F89553 /* Debug */,
				622150552D4703E700F89553 /* Release */,
			);
			defaultConfigurationIsVisible = 0;
			defaultConfigurationName = Release;
		};
		622150562D4703E700F89553 /* Build configuration list for PBXNativeTarget "BPDF" */ = {
			isa = XCConfigurationList;
			buildConfigurations = (
				622150572D4703E700F89553 /* Debug */,
				622150582D4703E700F89553 /* Release */,
			);
			defaultConfigurationIsVisible = 0;
			defaultConfigurationName = Release;
		};
		622150592D4703E700F89553 /* Build configuration list for PBXNativeTarget "BPDFTests" */ = {
			isa = XCConfigurationList;
			buildConfigurations = (
				6221505A2D4703E700F89553 /* Debug */,
				6221505B2D4703E700F89553 /* Release */,
			);
			defaultConfigurationIsVisible = 0;
			defaultConfigurationName = Release;
		};
		6221505C2D4703E700F89553 /* Build configuration list for PBXNativeTarget "BPDFUITests" */ = {
			isa = XCConfigurationList;
			buildConfigurations = (
				6221505D2D4703E700F89553 /* Debug */,
				6221505E2D4703E700F89553 /* Release */,
			);
			defaultConfigurationIsVisible = 0;
			defaultConfigurationName = Release;
		};
/* End XCConfigurationList section */

/* Begin XCRemoteSwiftPackageReference section */
		62DBD2EA2D4B2CE700D6BBC3 /* XCRemoteSwiftPackageReference "FlowStacks" */ = {
			isa = XCRemoteSwiftPackageReference;
			repositoryURL = "https://github.com/johnpatrickmorgan/FlowStacks";
			requirement = {
				kind = exactVersion;
				version = 0.3.4;
			};
		};
/* End XCRemoteSwiftPackageReference section */

/* Begin XCSwiftPackageProductDependency section */
		629016DE2D4B329200E8999C /* FlowStacks */ = {
			isa = XCSwiftPackageProductDependency;
			package = 62DBD2EA2D4B2CE700D6BBC3 /* XCRemoteSwiftPackageReference "FlowStacks" */;
			productName = FlowStacks;
		};
/* End XCSwiftPackageProductDependency section */
	};
	rootObject = 6221502A2D4703E000F89553 /* Project object */;
}
